
Microsoft Visual Studio Solution File, Format Version 12.00
# Visual Studio Version 17
VisualStudioVersion = 17.4.33122.133
MinimumVisualStudioVersion = 10.0.40219.1
Project("{9A19103F-16F7-4668-BE54-9A1E7A4F7556}") = "Accessories", "Tombola\Accessories.csproj", "{65FB26E7-ED27-47C5-AC8B-D289B11804C0}"
EndProject
Project("{9A19103F-16F7-4668-BE54-9A1E7A4F7556}") = "AccessoriesTest", "TombolaTest\AccessoriesTest.csproj", "{D25946F0-5184-4FAA-945C-D73CDF60B5DB}"
EndProject
Project("{9A19103F-16F7-4668-BE54-9A1E7A4F7556}") = "BingoHall", "BingoHall\BingoHall.csproj", "{DA3F61D2-9A08-44AD-8777-AEC938FE9AE1}"
EndProject
Project("{9A19103F-16F7-4668-BE54-9A1E7A4F7556}") = "PasswordsAndEncryption", "PasswordsAndEncryption\PasswordsAndEncryption.csproj", "{4C7C706F-3E78-45CB-A56A-D2890FFFB17F}"
EndProject
Project("{9A19103F-16F7-4668-BE54-9A1E7A4F7556}") = "PasswordsAndEncryptionTest", "PasswordsAndEncryptionTest\PasswordsAndEncryptionTest.csproj", "{740242F7-46DA-4549-B3EC-1ED930B6DC0F}"
EndProject
Project("{FAE04EC0-301F-11D3-BF4B-00C04F79EFBC}") = "BingoHallTests", "BingoHallTests\BingoHallTests.csproj", "{A268256B-6FDA-4122-8F93-3916C5208C12}"
EndProject
Global
	GlobalSection(SolutionConfigurationPlatforms) = preSolution
		Debug|Any CPU = Debug|Any CPU
		Release|Any CPU = Release|Any CPU
	EndGlobalSection
	GlobalSection(ProjectConfigurationPlatforms) = postSolution
		{65FB26E7-ED27-47C5-AC8B-D289B11804C0}.Debug|Any CPU.ActiveCfg = Debug|Any CPU
		{65FB26E7-ED27-47C5-AC8B-D289B11804C0}.Debug|Any CPU.Build.0 = Debug|Any CPU
		{65FB26E7-ED27-47C5-AC8B-D289B11804C0}.Release|Any CPU.ActiveCfg = Release|Any CPU
		{65FB26E7-ED27-47C5-AC8B-D289B11804C0}.Release|Any CPU.Build.0 = Release|Any CPU
		{D25946F0-5184-4FAA-945C-D73CDF60B5DB}.Debug|Any CPU.ActiveCfg = Debug|Any CPU
		{D25946F0-5184-4FAA-945C-D73CDF60B5DB}.Debug|Any CPU.Build.0 = Debug|Any CPU
		{D25946F0-5184-4FAA-945C-D73CDF60B5DB}.Release|Any CPU.ActiveCfg = Release|Any CPU
		{D25946F0-5184-4FAA-945C-D73CDF60B5DB}.Release|Any CPU.Build.0 = Release|Any CPU
		{DA3F61D2-9A08-44AD-8777-AEC938FE9AE1}.Debug|Any CPU.ActiveCfg = Debug|Any CPU
		{DA3F61D2-9A08-44AD-8777-AEC938FE9AE1}.Debug|Any CPU.Build.0 = Debug|Any CPU
		{DA3F61D2-9A08-44AD-8777-AEC938FE9AE1}.Release|Any CPU.ActiveCfg = Release|Any CPU
		{DA3F61D2-9A08-44AD-8777-AEC938FE9AE1}.Release|Any CPU.Build.0 = Release|Any CPU
		{4C7C706F-3E78-45CB-A56A-D2890FFFB17F}.Debug|Any CPU.ActiveCfg = Debug|Any CPU
		{4C7C706F-3E78-45CB-A56A-D2890FFFB17F}.Debug|Any CPU.Build.0 = Debug|Any CPU
		{4C7C706F-3E78-45CB-A56A-D2890FFFB17F}.Release|Any CPU.ActiveCfg = Release|Any CPU
		{4C7C706F-3E78-45CB-A56A-D2890FFFB17F}.Release|Any CPU.Build.0 = Release|Any CPU
		{740242F7-46DA-4549-B3EC-1ED930B6DC0F}.Debug|Any CPU.ActiveCfg = Debug|Any CPU
		{740242F7-46DA-4549-B3EC-1ED930B6DC0F}.Debug|Any CPU.Build.0 = Debug|Any CPU
		{740242F7-46DA-4549-B3EC-1ED930B6DC0F}.Release|Any CPU.ActiveCfg = Release|Any CPU
		{740242F7-46DA-4549-B3EC-1ED930B6DC0F}.Release|Any CPU.Build.0 = Release|Any CPU
		{A268256B-6FDA-4122-8F93-3916C5208C12}.Debug|Any CPU.ActiveCfg = Debug|Any CPU
		{A268256B-6FDA-4122-8F93-3916C5208C12}.Debug|Any CPU.Build.0 = Debug|Any CPU
		{A268256B-6FDA-4122-8F93-3916C5208C12}.Release|Any CPU.ActiveCfg = Release|Any CPU
		{A268256B-6FDA-4122-8F93-3916C5208C12}.Release|Any CPU.Build.0 = Release|Any CPU
	EndGlobalSection
	GlobalSection(SolutionProperties) = preSolution
		HideSolutionNode = FALSE
	EndGlobalSection
	GlobalSection(ExtensibilityGlobals) = postSolution
		SolutionGuid = {2DF6A8A7-10C1-4569-AB4F-0303F3B380FD}
	EndGlobalSection
EndGlobal
